
Microsoft Visual Studio Solution File, Format Version 12.00
# Visual Studio Version 16
VisualStudioVersion = 16.0.30204.135
MinimumVisualStudioVersion = 10.0.40219.1
Project("{FAE04EC0-301F-11D3-BF4B-00C04F79EFBC}") = "UploadFile1", "UploadFile1\UploadFile1.csproj", "{286DA434-2A52-4699-9120-E08893BED621}"
EndProject
Global
	GlobalSection(SolutionConfigurationPlatforms) = preSolution
		Debug|Any CPU = Debug|Any CPU
		Release|Any CPU = Release|Any CPU
	EndGlobalSection
	GlobalSection(ProjectConfigurationPlatforms) = postSolution
		{286DA434-2A52-4699-9120-E08893BED621}.Debug|Any CPU.ActiveCfg = Debug|Any CPU
		{286DA434-2A52-4699-9120-E08893BED621}.Debug|Any CPU.Build.0 = Debug|Any CPU
		{286DA434-2A52-4699-9120-E08893BED621}.Release|Any CPU.ActiveCfg = Release|Any CPU
		{286DA434-2A52-4699-9120-E08893BED621}.Release|Any CPU.Build.0 = Release|Any CPU
	EndGlobalSection
	GlobalSection(SolutionProperties) = preSolution
		HideSolutionNode = FALSE
	EndGlobalSection
	GlobalSection(ExtensibilityGlobals) = postSolution
		SolutionGuid = {F4DCB1D6-CABB-454F-94C2-848A6A20C464}
	EndGlobalSection
EndGlobal
